
Microsoft Visual Studio Solution File, Format Version 12.00
# Visual Studio 2012
Project("{FAE04EC0-301F-11D3-BF4B-00C04F79EFBC}") = "SSC", "SSC\SSC.csproj", "{CAAEC084-F13C-4028-96DC-2D86224979F3}"
EndProject
Project("{FAE04EC0-301F-11D3-BF4B-00C04F79EFBC}") = "SSC.Tests", "SSC.Tests\SSC.Tests.csproj", "{16ACFCA3-FA3F-4E69-B74D-83ED0A4BCF85}"
EndProject
Global
	GlobalSection(SolutionConfigurationPlatforms) = preSolution
		Debug|Any CPU = Debug|Any CPU
		Release|Any CPU = Release|Any CPU
	EndGlobalSection
	GlobalSection(ProjectConfigurationPlatforms) = postSolution
		{CAAEC084-F13C-4028-96DC-2D86224979F3}.Debug|Any CPU.ActiveCfg = Debug|Any CPU
		{CAAEC084-F13C-4028-96DC-2D86224979F3}.Debug|Any CPU.Build.0 = Debug|Any CPU
		{CAAEC084-F13C-4028-96DC-2D86224979F3}.Release|Any CPU.ActiveCfg = Release|Any CPU
		{CAAEC084-F13C-4028-96DC-2D86224979F3}.Release|Any CPU.Build.0 = Release|Any CPU
		{16ACFCA3-FA3F-4E69-B74D-83ED0A4BCF85}.Debug|Any CPU.ActiveCfg = Debug|Any CPU
		{16ACFCA3-FA3F-4E69-B74D-83ED0A4BCF85}.Debug|Any CPU.Build.0 = Debug|Any CPU
		{16ACFCA3-FA3F-4E69-B74D-83ED0A4BCF85}.Release|Any CPU.ActiveCfg = Release|Any CPU
		{16ACFCA3-FA3F-4E69-B74D-83ED0A4BCF85}.Release|Any CPU.Build.0 = Release|Any CPU
	EndGlobalSection
	GlobalSection(SolutionProperties) = preSolution
		HideSolutionNode = FALSE
	EndGlobalSection
EndGlobal
